
Microsoft Visual Studio Solution File, Format Version 12.00
# Visual Studio Version 17
VisualStudioVersion = 17.7.34031.279
MinimumVisualStudioVersion = 10.0.40219.1
Project("{FAE04EC0-301F-11D3-BF4B-00C04F79EFBC}") = "Restaurant", "Restaurant\Restaurant.csproj", "{092F8D13-9D9D-4F57-A832-AF003F5A42B8}"
EndProject
Global
	GlobalSection(SolutionConfigurationPlatforms) = preSolution
		Debug|Any CPU = Debug|Any CPU
		Release|Any CPU = Release|Any CPU
	EndGlobalSection
	GlobalSection(ProjectConfigurationPlatforms) = postSolution
		{092F8D13-9D9D-4F57-A832-AF003F5A42B8}.Debug|Any CPU.ActiveCfg = Debug|Any CPU
		{092F8D13-9D9D-4F57-A832-AF003F5A42B8}.Debug|Any CPU.Build.0 = Debug|Any CPU
		{092F8D13-9D9D-4F57-A832-AF003F5A42B8}.Release|Any CPU.ActiveCfg = Release|Any CPU
		{092F8D13-9D9D-4F57-A832-AF003F5A42B8}.Release|Any CPU.Build.0 = Release|Any CPU
	EndGlobalSection
	GlobalSection(SolutionProperties) = preSolution
		HideSolutionNode = FALSE
	EndGlobalSection
	GlobalSection(ExtensibilityGlobals) = postSolution
		SolutionGuid = {8334EA15-08DE-4F0D-9E01-9DFBAF194683}
	EndGlobalSection
EndGlobal
